{
  "R": {
    "Version": "4.2.2",
    "Repositories": [
      {
        "Name": "CRAN",
        "URL": "https://cran.rstudio.com"
      }
    ]
  },
  "Packages": {
    "MASS": {
      "Package": "MASS",
      "Version": "7.3-58.1",
      "Source": "Repository",
      "Repository": "CRAN",
      "Hash": "762e1804143a332333c054759f89a706",
      "Requirements": []
    },
    "MCMCpack": {
      "Package": "MCMCpack",
      "Version": "1.6-3",
      "Source": "Repository",
      "Repository": "CRAN",
      "Hash": "520335edba1c95a90eec54d693727723",
      "Requirements": [
        "MASS",
        "coda",
        "lattice",
        "mcmc",
        "quantreg"
      ]
    },
    "Matrix": {
      "Package": "Matrix",
      "Version": "1.5-3",
      "Source": "Repository",
      "Repository": "CRAN",
      "Hash": "4006dffe49958d2dd591c17e61e60591",
      "Requirements": [
        "lattice"
      ]
    },
    "MatrixModels": {
      "Package": "MatrixModels",
      "Version": "0.5-1",
      "Source": "Repository",
      "Repository": "CRAN",
      "Hash": "963ab8fbaf980a5b081ed40419081439",
      "Requirements": [
        "Matrix"
      ]
    },
    "Rcpp": {
      "Package": "Rcpp",
      "Version": "1.0.9",
      "Source": "Repository",
      "Repository": "CRAN",
      "Hash": "e9c08b94391e9f3f97355841229124f2",
      "Requirements": []
    },
    "SparseM": {
      "Package": "SparseM",
      "Version": "1.81",
      "Source": "Repository",
      "Repository": "CRAN",
      "Hash": "2042cd9759cc89a453c4aefef0ce9aae",
      "Requirements": []
    },
    "brglm": {
      "Package": "brglm",
      "Version": "0.7.2",
      "Source": "Repository",
      "Repository": "CRAN",
      "Hash": "7f17830e33bd76bbdda221423988fbe6",
      "Requirements": [
        "profileModel"
      ]
    },
    "coda": {
      "Package": "coda",
      "Version": "0.19-4",
      "Source": "Repository",
      "Repository": "CRAN",
      "Hash": "24b6d006b8b2343876cf230687546932",
      "Requirements": [
        "lattice"
      ]
    },
    "corpcor": {
      "Package": "corpcor",
      "Version": "1.6.10",
      "Source": "Repository",
      "Repository": "CRAN",
      "Hash": "17ebe3b6d75d09c5bab3891880b34237",
      "Requirements": []
    },
    "cubature": {
      "Package": "cubature",
      "Version": "2.0.4.5",
      "Source": "Repository",
      "Repository": "CRAN",
      "Hash": "cfe25d3fb12efe9ec49b449561b2dad7",
      "Requirements": [
        "Rcpp"
      ]
    },
    "expm": {
      "Package": "expm",
      "Version": "0.999-6",
      "Source": "Repository",
      "Repository": "CRAN",
      "Hash": "1bb0f92b6125ea03dd7142f8eaf36bf5",
      "Requirements": [
        "Matrix"
      ]
    },
    "gmm": {
      "Package": "gmm",
      "Version": "1.7",
      "Source": "Repository",
      "Repository": "CRAN",
      "Hash": "cd3eb51c5334b4e73df05d6de8e00a13",
      "Requirements": [
        "sandwich"
      ]
    },
    "lattice": {
      "Package": "lattice",
      "Version": "0.20-45",
      "Source": "Repository",
      "Repository": "CRAN",
      "Hash": "b64cdbb2b340437c4ee047a1f4c4377b",
      "Requirements": []
    },
    "mcmc": {
      "Package": "mcmc",
      "Version": "0.9-7",
      "Source": "Repository",
      "Repository": "CRAN",
      "Hash": "aab79cde1fef3861c9eed1cbc3f931fb",
      "Requirements": []
    },
    "mnormt": {
      "Package": "mnormt",
      "Version": "2.1.1",
      "Source": "Repository",
      "Repository": "CRAN",
      "Hash": "c83992ef63553d1e4b97162a4a753470",
      "Requirements": []
    },
    "msm": {
      "Package": "msm",
      "Version": "1.7",
      "Source": "Repository",
      "Repository": "CRAN",
      "Hash": "4c08d52892951cc803a86f4b2bc5ce00",
      "Requirements": [
        "expm",
        "mvtnorm",
        "survival"
      ]
    },
    "mvtnorm": {
      "Package": "mvtnorm",
      "Version": "1.1-3",
      "Source": "Repository",
      "Repository": "CRAN",
      "Hash": "7a7541cc284cb2ba3ba7eae645892af5",
      "Requirements": []
    },
    "profileModel": {
      "Package": "profileModel",
      "Version": "0.6.1",
      "Source": "Repository",
      "Repository": "CRAN",
      "Hash": "ee136a72d7a53c16ca6cfeac78cb8431",
      "Requirements": []
    },
    "quantreg": {
      "Package": "quantreg",
      "Version": "5.94",
      "Source": "Repository",
      "Repository": "CRAN",
      "Hash": "b8b2b861526c344a7e16e5991fa5a4ab",
      "Requirements": [
        "MASS",
        "Matrix",
        "MatrixModels",
        "SparseM",
        "survival"
      ]
    },
    "renv": {
      "Package": "renv",
      "Version": "0.15.5-50",
      "Source": "Repository",
      "Repository": "https://rstudio.r-universe.dev",
      "RemoteUrl": "https://github.com/rstudio/renv",
      "RemoteRef": "HEAD",
      "RemoteSha": "b27db509dfb3740861bd8d7e4d8d06f4ca998eb4",
      "Hash": "dd3ab2032c86b56b414b6e220d0dc741",
      "Requirements": []
    },
    "sandwich": {
      "Package": "sandwich",
      "Version": "3.0-2",
      "Source": "Repository",
      "Repository": "CRAN",
      "Hash": "dd5af939b8690baa8ee0bca996e99924",
      "Requirements": [
        "zoo"
      ]
    },
    "survival": {
      "Package": "survival",
      "Version": "3.4-0",
      "Source": "Repository",
      "Repository": "CRAN",
      "Hash": "04411ae66ab4659230c067c32966fc20",
      "Requirements": [
        "Matrix"
      ]
    },
    "tmvtnorm": {
      "Package": "tmvtnorm",
      "Version": "1.5",
      "Source": "Repository",
      "Repository": "CRAN",
      "Hash": "1e4beacf8b8e82280c0329d97a4740d5",
      "Requirements": [
        "Matrix",
        "gmm",
        "mvtnorm"
      ]
    },
    "zoo": {
      "Package": "zoo",
      "Version": "1.8-11",
      "Source": "Repository",
      "Repository": "CRAN",
      "Hash": "874a5b77fe0cfacf2a3450069ae70926",
      "Requirements": [
        "lattice"
      ]
    }
  }
}
